{
  "lockVersion" : 1,
  "timestamp" : "2024-12-30T08:28:57.081Z",
  "configurations" : [
    "compile",
    "optional",
    "provided",
    "runtime",
    "test"
  ],
  "dependencies" : [
    {
      "org" : "com.lihaoyi",
      "name" : "geny_3",
      "version" : "1.1.1",
      "artifacts" : [
        {
          "name" : "geny_3.jar",
          "hash" : "sha1:6a194169956dc7c5e64d29cec05b64da9e2fc94a"
        }
      ],
      "configurations" : [
        "compile",
        "runtime",
        "test"
      ]
    },
    {
      "org" : "com.lihaoyi",
      "name" : "os-lib_3",
      "version" : "0.11.3",
      "artifacts" : [
        {
          "name" : "os-lib_3.jar",
          "hash" : "sha1:fc905295223c96ccf30b684812bfd968dd3acb63"
        }
      ],
      "configurations" : [
        "compile",
        "runtime",
        "test"
      ]
    },
    {
      "org" : "org.scala-lang",
      "name" : "scala-library",
      "version" : "2.13.15",
      "artifacts" : [
        {
          "name" : "scala-library.jar",
          "hash" : "sha1:ed6f1d58968b16c5f9067d5cac032d952552de59"
        }
      ],
      "configurations" : [
        "compile",
        "runtime",
        "test"
      ]
    },
    {
      "org" : "org.scala-lang",
      "name" : "scala3-library_3",
      "version" : "3.6.2",
      "artifacts" : [
        {
          "name" : "scala3-library_3.jar",
          "hash" : "sha1:0c3f9f3da15f8c0cdea22ced65f6cf3745454e9f"
        }
      ],
      "configurations" : [
        "compile",
        "runtime",
        "test"
      ]
    }
  ]
}
