{
  "lockVersion" : 1,
  "timestamp" : "2025-01-01T10:07:00.780Z",
  "configurations" : [
    "compile",
    "optional",
    "provided",
    "runtime",
    "test"
  ],
  "dependencies" : [
    {
      "org" : "org.scala-lang",
      "name" : "scala-library",
      "version" : "2.13.15",
      "artifacts" : [
        {
          "name" : "scala-library.jar",
          "hash" : "sha1:ed6f1d58968b16c5f9067d5cac032d952552de58"
        }
      ],
      "configurations" : [
        "compile",
        "runtime",
        "test"
      ]
    },
    {
      "org" : "org.scala-lang",
      "name" : "scala3-library_3",
      "version" : "3.6.2",
      "artifacts" : [
        {
          "name" : "scala3-library_3.jar",
          "hash" : "sha1:0c3f9f3da15f8c0cdea22ced65f6cf3745454e9f"
        }
      ],
      "configurations" : [
        "compile",
        "runtime",
        "test"
      ]
    }
  ]
}